// !$*UTF8*$!
{
	archiveVersion = 1;
	classes = {
	};
	objectVersion = 50;
	objects = {

/* Begin PBXBuildFile section */
		57B0E7512124F73E00BDBC9A /* AppDelegate.swift in Sources */ = {isa = PBXBuildFile; fileRef = 57B0E7502124F73E00BDBC9A /* AppDelegate.swift */; };
		57B0E7532124F73E00BDBC9A /* ViewController.swift in Sources */ = {isa = PBXBuildFile; fileRef = 57B0E7522124F73E00BDBC9A /* ViewController.swift */; };
		57B0E7562124F73F00BDBC9A /* Main.storyboard in Resources */ = {isa = PBXBuildFile; fileRef = 57B0E7542124F73F00BDBC9A /* Main.storyboard */; };
		57B0E7582124F74000BDBC9A /* Assets.xcassets in Resources */ = {isa = PBXBuildFile; fileRef = 57B0E7572124F74000BDBC9A /* Assets.xcassets */; };
		57B0E75B2124F74000BDBC9A /* LaunchScreen.storyboard in Resources */ = {isa = PBXBuildFile; fileRef = 57B0E7592124F74000BDBC9A /* LaunchScreen.storyboard */; };
		57B0E7632124F94E00BDBC9A /* SignModel.swift in Sources */ = {isa = PBXBuildFile; fileRef = 57B0E7622124F94E00BDBC9A /* SignModel.swift */; };
		57B0E7652124F96E00BDBC9A /* GameModel.swift in Sources */ = {isa = PBXBuildFile; fileRef = 57B0E7642124F96E00BDBC9A /* GameModel.swift */; };
/* End PBXBuildFile section */

/* Begin PBXFileReference section */
		57B0E74D2124F73E00BDBC9A /* BasicProyect.app */ = {isa = PBXFileReference; explicitFileType = wrapper.application; includeInIndex = 0; path = BasicProyect.app; sourceTree = BUILT_PRODUCTS_DIR; };
		57B0E7502124F73E00BDBC9A /* AppDelegate.swift */ = {isa = PBXFileReference; lastKnownFileType = sourcecode.swift; path = AppDelegate.swift; sourceTree = "<group>"; };
		57B0E7522124F73E00BDBC9A /* ViewController.swift */ = {isa = PBXFileReference; lastKnownFileType = sourcecode.swift; path = ViewController.swift; sourceTree = "<group>"; };
		57B0E7552124F73F00BDBC9A /* Base */ = {isa = PBXFileReference; lastKnownFileType = file.storyboard; name = Base; path = Base.lproj/Main.storyboard; sourceTree = "<group>"; };
		57B0E7572124F74000BDBC9A /* Assets.xcassets */ = {isa = PBXFileReference; lastKnownFileType = folder.assetcatalog; path = Assets.xcassets; sourceTree = "<group>"; };
		57B0E75A2124F74000BDBC9A /* Base */ = {isa = PBXFileReference; lastKnownFileType = file.storyboard; name = Base; path = Base.lproj/LaunchScreen.storyboard; sourceTree = "<group>"; };
		57B0E75C2124F74000BDBC9A /* Info.plist */ = {isa = PBXFileReference; lastKnownFileType = text.plist.xml; path = Info.plist; sourceTree = "<group>"; };
		57B0E7622124F94E00BDBC9A /* SignModel.swift */ = {isa = PBXFileReference; lastKnownFileType = sourcecode.swift; path = SignModel.swift; sourceTree = "<group>"; };
		57B0E7642124F96E00BDBC9A /* GameModel.swift */ = {isa = PBXFileReference; lastKnownFileType = sourcecode.swift; path = GameModel.swift; sourceTree = "<group>"; };
/* End PBXFileReference section */

/* Begin PBXFrameworksBuildPhase section */
		57B0E74A2124F73E00BDBC9A /* Frameworks */ = {
			isa = PBXFrameworksBuildPhase;
			buildActionMask = 2147483647;
			files = (
			);
			runOnlyForDeploymentPostprocessing = 0;
		};
/* End PBXFrameworksBuildPhase section */

/* Begin PBXGroup section */
		57B0E7442124F73E00BDBC9A = {
			isa = PBXGroup;
			children = (
				57B0E74F2124F73E00BDBC9A /* BasicProyect */,
				57B0E74E2124F73E00BDBC9A /* Products */,
			);
			sourceTree = "<group>";
		};
		57B0E74E2124F73E00BDBC9A /* Products */ = {
			isa = PBXGroup;
			children = (
				57B0E74D2124F73E00BDBC9A /* BasicProyect.app */,
			);
			name = Products;
			sourceTree = "<group>";
		};
		57B0E74F2124F73E00BDBC9A /* BasicProyect */ = {
			isa = PBXGroup;
			children = (
				57B0E7502124F73E00BDBC9A /* AppDelegate.swift */,
				57B0E7522124F73E00BDBC9A /* ViewController.swift */,
				57B0E7622124F94E00BDBC9A /* SignModel.swift */,
				57B0E7642124F96E00BDBC9A /* GameModel.swift */,
				57B0E7542124F73F00BDBC9A /* Main.storyboard */,
				57B0E7572124F74000BDBC9A /* Assets.xcassets */,
				57B0E7592124F74000BDBC9A /* LaunchScreen.storyboard */,
				57B0E75C2124F74000BDBC9A /* Info.plist */,
			);
			path = BasicProyect;
			sourceTree = "<group>";
		};
/* End PBXGroup section */

/* Begin PBXNativeTarget section */
		57B0E74C2124F73E00BDBC9A /* BasicProyect */ = {
			isa = PBXNativeTarget;
			buildConfigurationList = 57B0E75F2124F74000BDBC9A /* Build configuration list for PBXNativeTarget "BasicProyect" */;
			buildPhases = (
				57B0E7492124F73E00BDBC9A /* Sources */,
				57B0E74A2124F73E00BDBC9A /* Frameworks */,
				57B0E74B2124F73E00BDBC9A /* Resources */,
			);
			buildRules = (
			);
			dependencies = (
			);
			name = BasicProyect;
			productName = BasicProyect;
			productReference = 57B0E74D2124F73E00BDBC9A /* BasicProyect.app */;
			productType = "com.apple.product-type.application";
		};
/* End PBXNativeTarget section */

/* Begin PBXProject section */
		57B0E7452124F73E00BDBC9A /* Project object */ = {
			isa = PBXProject;
			attributes = {
				LastSwiftUpdateCheck = 0940;
				LastUpgradeCheck = 0940;
				ORGANIZATIONNAME = "Abraham Quezada";
				TargetAttributes = {
					57B0E74C2124F73E00BDBC9A = {
						CreatedOnToolsVersion = 9.4.1;
					};
				};
			};
			buildConfigurationList = 57B0E7482124F73E00BDBC9A /* Build configuration list for PBXProject "BasicProyect" */;
			compatibilityVersion = "Xcode 9.3";
			developmentRegion = en;
			hasScannedForEncodings = 0;
			knownRegions = (
				en,
				Base,
			);
			mainGroup = 57B0E7442124F73E00BDBC9A;
			productRefGroup = 57B0E74E2124F73E00BDBC9A /* Products */;
			projectDirPath = "";
			projectRoot = "";
			targets = (
				57B0E74C2124F73E00BDBC9A /* BasicProyect */,
			);
		};
/* End PBXProject section */

/* Begin PBXResourcesBuildPhase section */
		57B0E74B2124F73E00BDBC9A /* Resources */ = {
			isa = PBXResourcesBuildPhase;
			buildActionMask = 2147483647;
			files = (
				57B0E75B2124F74000BDBC9A /* LaunchScreen.storyboard in Resources */,
				57B0E7582124F74000BDBC9A /* Assets.xcassets in Resources */,
				57B0E7562124F73F00BDBC9A /* Main.storyboard in Resources */,
			);
			runOnlyForDeploymentPostprocessing = 0;
		};
/* End PBXResourcesBuildPhase section */

/* Begin PBXSourcesBuildPhase section */
		57B0E7492124F73E00BDBC9A /* Sources */ = {
			isa = PBXSourcesBuildPhase;
			buildActionMask = 2147483647;
			files = (
				57B0E7632124F94E00BDBC9A /* SignModel.swift in Sources */,
				57B0E7652124F96E00BDBC9A /* GameModel.swift in Sources */,
				57B0E7532124F73E00BDBC9A /* ViewController.swift in Sources */,
				57B0E7512124F73E00BDBC9A /* AppDelegate.swift in Sources */,
			);
			runOnlyForDeploymentPostprocessing = 0;
		};
/* End PBXSourcesBuildPhase section */

/* Begin PBXVariantGroup section */
		57B0E7542124F73F00BDBC9A /* Main.storyboard */ = {
			isa = PBXVariantGroup;
			children = (
				57B0E7552124F73F00BDBC9A /* Base */,
			);
			name = Main.storyboard;
			sourceTree = "<group>";
		};
		57B0E7592124F74000BDBC9A /* LaunchScreen.storyboard */ = {
			isa = PBXVariantGroup;
			children = (
				57B0E75A2124F74000BDBC9A /* Base */,
			);
			name = LaunchScreen.storyboard;
			sourceTree = "<group>";
		};
/* End PBXVariantGroup section */

/* Begin XCBuildConfiguration section */
		57B0E75D2124F74000BDBC9A /* Debug */ = {
			isa = XCBuildConfiguration;
			buildSettings = {
				ALWAYS_SEARCH_USER_PATHS = NO;
				CLANG_ANALYZER_NONNULL = YES;
				CLANG_ANALYZER_NUMBER_OBJECT_CONVERSION = YES_AGGRESSIVE;
				CLANG_CXX_LANGUAGE_STANDARD = "gnu++14";
				CLANG_CXX_LIBRARY = "libc++";
				CLANG_ENABLE_MODULES = YES;
				CLANG_ENABLE_OBJC_ARC = YES;
				CLANG_ENABLE_OBJC_WEAK = YES;
				CLANG_WARN_BLOCK_CAPTURE_AUTORELEASING = YES;
				CLANG_WARN_BOOL_CONVERSION = YES;
				CLANG_WARN_COMMA = YES;
				CLANG_WARN_CONSTANT_CONVERSION = YES;
				CLANG_WARN_DEPRECATED_OBJC_IMPLEMENTATIONS = YES;
				CLANG_WARN_DIRECT_OBJC_ISA_USAGE = YES_ERROR;
				CLANG_WARN_DOCUMENTATION_COMMENTS = YES;
				CLANG_WARN_EMPTY_BODY = YES;
				CLANG_WARN_ENUM_CONVERSION = YES;
				CLANG_WARN_INFINITE_RECURSION = YES;
				CLANG_WARN_INT_CONVERSION = YES;
				CLANG_WARN_NON_LITERAL_NULL_CONVERSION = YES;
				CLANG_WARN_OBJC_IMPLICIT_RETAIN_SELF = YES;
				CLANG_WARN_OBJC_LITERAL_CONVERSION = YES;
				CLANG_WARN_OBJC_ROOT_CLASS = YES_ERROR;
				CLANG_WARN_RANGE_LOOP_ANALYSIS = YES;
				CLANG_WARN_STRICT_PROTOTYPES = YES;
				CLANG_WARN_SUSPICIOUS_MOVE = YES;
				CLANG_WARN_UNGUARDED_AVAILABILITY = YES_AGGRESSIVE;
				CLANG_WARN_UNREACHABLE_CODE = YES;
				CLANG_WARN__DUPLICATE_METHOD_MATCH = YES;
				CODE_SIGN_IDENTITY = "iPhone Developer";
				COPY_PHASE_STRIP = NO;
				DEBUG_INFORMATION_FORMAT = dwarf;
				ENABLE_STRICT_OBJC_MSGSEND = YES;
				ENABLE_TESTABILITY = YES;
				GCC_C_LANGUAGE_STANDARD = gnu11;
				GCC_DYNAMIC_NO_PIC = NO;
				GCC_NO_COMMON_BLOCKS = YES;
				GCC_OPTIMIZATION_LEVEL = 0;
				GCC_PREPROCESSOR_DEFINITIONS = (
					"DEBUG=1",
					"$(inherited)",
				);
				GCC_WARN_64_TO_32_BIT_CONVERSION = YES;
				GCC_WARN_ABOUT_RETURN_TYPE = YES_ERROR;
				GCC_WARN_UNDECLARED_SELECTOR = YES;
				GCC_WARN_UNINITIALIZED_AUTOS = YES_AGGRESSIVE;
				GCC_WARN_UNUSED_FUNCTION = YES;
				GCC_WARN_UNUSED_VARIABLE = YES;
				IPHONEOS_DEPLOYMENT_TARGET = 11.4;
				MTL_ENABLE_DEBUG_INFO = YES;
				ONLY_ACTIVE_ARCH = YES;
				SDKROOT = iphoneos;
				SWIFT_ACTIVE_COMPILATION_CONDITIONS = DEBUG;
				SWIFT_OPTIMIZATION_LEVEL = "-Onone";
			};
			name = Debug;
		};
		57B0E75E2124F74000BDBC9A /* Release */ = {
			isa = XCBuildConfiguration;
			buildSettings = {
				ALWAYS_SEARCH_USER_PATHS = NO;
				CLANG_ANALYZER_NONNULL = YES;
				CLANG_ANALYZER_NUMBER_OBJECT_CONVERSION = YES_AGGRESSIVE;
				CLANG_CXX_LANGUAGE_STANDARD = "gnu++14";
				CLANG_CXX_LIBRARY = "libc++";
				CLANG_ENABLE_MODULES = YES;
				CLANG_ENABLE_OBJC_ARC = YES;
				CLANG_ENABLE_OBJC_WEAK = YES;
				CLANG_WARN_BLOCK_CAPTURE_AUTORELEASING = YES;
				CLANG_WARN_BOOL_CONVERSION = YES;
				CLANG_WARN_COMMA = YES;
				CLANG_WARN_CONSTANT_CONVERSION = YES;
				CLANG_WARN_DEPRECATED_OBJC_IMPLEMENTATIONS = YES;
				CLANG_WARN_DIRECT_OBJC_ISA_USAGE = YES_ERROR;
				CLANG_WARN_DOCUMENTATION_COMMENTS = YES;
				CLANG_WARN_EMPTY_BODY = YES;
				CLANG_WARN_ENUM_CONVERSION = YES;
				CLANG_WARN_INFINITE_RECURSION = YES;
				CLANG_WARN_INT_CONVERSION = YES;
				CLANG_WARN_NON_LITERAL_NULL_CONVERSION = YES;
				CLANG_WARN_OBJC_IMPLICIT_RETAIN_SELF = YES;
				CLANG_WARN_OBJC_LITERAL_CONVERSION = YES;
				CLANG_WARN_OBJC_ROOT_CLASS = YES_ERROR;
				CLANG_WARN_RANGE_LOOP_ANALYSIS = YES;
				CLANG_WARN_STRICT_PROTOTYPES = YES;
				CLANG_WARN_SUSPICIOUS_MOVE = YES;
				CLANG_WARN_UNGUARDED_AVAILABILITY = YES_AGGRESSIVE;
				CLANG_WARN_UNREACHABLE_CODE = YES;
				CLANG_WARN__DUPLICATE_METHOD_MATCH = YES;
				CODE_SIGN_IDENTITY = "iPhone Developer";
				COPY_PHASE_STRIP = NO;
				DEBUG_INFORMATION_FORMAT = "dwarf-with-dsym";
				ENABLE_NS_ASSERTIONS = NO;
				ENABLE_STRICT_OBJC_MSGSEND = YES;
				GCC_C_LANGUAGE_STANDARD = gnu11;
				GCC_NO_COMMON_BLOCKS = YES;
				GCC_WARN_64_TO_32_BIT_CONVERSION = YES;
				GCC_WARN_ABOUT_RETURN_TYPE = YES_ERROR;
				GCC_WARN_UNDECLARED_SELECTOR = YES;
				GCC_WARN_UNINITIALIZED_AUTOS = YES_AGGRESSIVE;
				GCC_WARN_UNUSED_FUNCTION = YES;
				GCC_WARN_UNUSED_VARIABLE = YES;
				IPHONEOS_DEPLOYMENT_TARGET = 11.4;
				MTL_ENABLE_DEBUG_INFO = NO;
				SDKROOT = iphoneos;
				SWIFT_COMPILATION_MODE = wholemodule;
				SWIFT_OPTIMIZATION_LEVEL = "-O";
				VALIDATE_PRODUCT = YES;
			};
			name = Release;
		};
		57B0E7602124F74000BDBC9A /* Debug */ = {
			isa = XCBuildConfiguration;
			buildSettings = {
				ASSETCATALOG_COMPILER_APPICON_NAME = AppIcon;
				CODE_SIGN_STYLE = Automatic;
				DEVELOPMENT_TEAM = DL2QH55944;
				INFOPLIST_FILE = BasicProyect/Info.plist;
				LD_RUNPATH_SEARCH_PATHS = (
					"$(inherited)",
					"@executable_path/Frameworks",
				);
				PRODUCT_BUNDLE_IDENTIFIER = "Abe-sCompany.BasicProyect";
				PRODUCT_NAME = "$(TARGET_NAME)";
				SWIFT_VERSION = 4.0;
				TARGETED_DEVICE_FAMILY = "1,2";
			};
			name = Debug;
		};
		57B0E7612124F74000BDBC9A /* Release */ = {
			isa = XCBuildConfiguration;
			buildSettings = {
				ASSETCATALOG_COMPILER_APPICON_NAME = AppIcon;
				CODE_SIGN_STYLE = Automatic;
				DEVELOPMENT_TEAM = DL2QH55944;
				INFOPLIST_FILE = BasicProyect/Info.plist;
				LD_RUNPATH_SEARCH_PATHS = (
					"$(inherited)",
					"@executable_path/Frameworks",
				);
				PRODUCT_BUNDLE_IDENTIFIER = "Abe-sCompany.BasicProyect";
				PRODUCT_NAME = "$(TARGET_NAME)";
				SWIFT_VERSION = 4.0;
				TARGETED_DEVICE_FAMILY = "1,2";
			};
			name = Release;
		};
/* End XCBuildConfiguration section */

/* Begin XCConfigurationList section */
		57B0E7482124F73E00BDBC9A /* Build configuration list for PBXProject "BasicProyect" */ = {
			isa = XCConfigurationList;
			buildConfigurations = (
				57B0E75D2124F74000BDBC9A /* Debug */,
				57B0E75E2124F74000BDBC9A /* Release */,
			);
			defaultConfigurationIsVisible = 0;
			defaultConfigurationName = Release;
		};
		57B0E75F2124F74000BDBC9A /* Build configuration list for PBXNativeTarget "BasicProyect" */ = {
			isa = XCConfigurationList;
			buildConfigurations = (
				57B0E7602124F74000BDBC9A /* Debug */,
				57B0E7612124F74000BDBC9A /* Release */,
			);
			defaultConfigurationIsVisible = 0;
			defaultConfigurationName = Release;
		};
/* End XCConfigurationList section */
	};
	rootObject = 57B0E7452124F73E00BDBC9A /* Project object */;
}
