// !$*UTF8*$!
{
	archiveVersion = 1;
	classes = {
	};
	objectVersion = 50;
	objects = {

/* Begin PBXBuildFile section */
		57FAD48621690C0700C9C125 /* AppDelegate.swift in Sources */ = {isa = PBXBuildFile; fileRef = 57FAD48521690C0700C9C125 /* AppDelegate.swift */; };
		57FAD48821690C0700C9C125 /* ViewController.swift in Sources */ = {isa = PBXBuildFile; fileRef = 57FAD48721690C0700C9C125 /* ViewController.swift */; };
		57FAD48B21690C0700C9C125 /* Main.storyboard in Resources */ = {isa = PBXBuildFile; fileRef = 57FAD48921690C0700C9C125 /* Main.storyboard */; };
		57FAD48D21690C0900C9C125 /* Assets.xcassets in Resources */ = {isa = PBXBuildFile; fileRef = 57FAD48C21690C0900C9C125 /* Assets.xcassets */; };
		57FAD49021690C0900C9C125 /* LaunchScreen.storyboard in Resources */ = {isa = PBXBuildFile; fileRef = 57FAD48E21690C0900C9C125 /* LaunchScreen.storyboard */; };
		57FAD49B21690C0900C9C125 /* CommonCryptoDigestsTests.swift in Sources */ = {isa = PBXBuildFile; fileRef = 57FAD49A21690C0900C9C125 /* CommonCryptoDigestsTests.swift */; };
		57FAD4A621690C0900C9C125 /* CommonCryptoDigestsUITests.swift in Sources */ = {isa = PBXBuildFile; fileRef = 57FAD4A521690C0900C9C125 /* CommonCryptoDigestsUITests.swift */; };
		57FAD4B821690E7400C9C125 /* Digests.swift in Sources */ = {isa = PBXBuildFile; fileRef = 57FAD4B721690E7400C9C125 /* Digests.swift */; };
		57FAD4BB21690F6000C9C125 /* CDDigests.m in Sources */ = {isa = PBXBuildFile; fileRef = 57FAD4BA21690F6000C9C125 /* CDDigests.m */; };
/* End PBXBuildFile section */

/* Begin PBXContainerItemProxy section */
		57FAD49721690C0900C9C125 /* PBXContainerItemProxy */ = {
			isa = PBXContainerItemProxy;
			containerPortal = 57FAD47A21690C0700C9C125 /* Project object */;
			proxyType = 1;
			remoteGlobalIDString = 57FAD48121690C0700C9C125;
			remoteInfo = CommonCryptoDigests;
		};
		57FAD4A221690C0900C9C125 /* PBXContainerItemProxy */ = {
			isa = PBXContainerItemProxy;
			containerPortal = 57FAD47A21690C0700C9C125 /* Project object */;
			proxyType = 1;
			remoteGlobalIDString = 57FAD48121690C0700C9C125;
			remoteInfo = CommonCryptoDigests;
		};
/* End PBXContainerItemProxy section */

/* Begin PBXFileReference section */
		57FAD48221690C0700C9C125 /* CommonCryptoDigests.app */ = {isa = PBXFileReference; explicitFileType = wrapper.application; includeInIndex = 0; path = CommonCryptoDigests.app; sourceTree = BUILT_PRODUCTS_DIR; };
		57FAD48521690C0700C9C125 /* AppDelegate.swift */ = {isa = PBXFileReference; lastKnownFileType = sourcecode.swift; path = AppDelegate.swift; sourceTree = "<group>"; };
		57FAD48721690C0700C9C125 /* ViewController.swift */ = {isa = PBXFileReference; lastKnownFileType = sourcecode.swift; path = ViewController.swift; sourceTree = "<group>"; };
		57FAD48A21690C0700C9C125 /* Base */ = {isa = PBXFileReference; lastKnownFileType = file.storyboard; name = Base; path = Base.lproj/Main.storyboard; sourceTree = "<group>"; };
		57FAD48C21690C0900C9C125 /* Assets.xcassets */ = {isa = PBXFileReference; lastKnownFileType = folder.assetcatalog; path = Assets.xcassets; sourceTree = "<group>"; };
		57FAD48F21690C0900C9C125 /* Base */ = {isa = PBXFileReference; lastKnownFileType = file.storyboard; name = Base; path = Base.lproj/LaunchScreen.storyboard; sourceTree = "<group>"; };
		57FAD49121690C0900C9C125 /* Info.plist */ = {isa = PBXFileReference; lastKnownFileType = text.plist.xml; path = Info.plist; sourceTree = "<group>"; };
		57FAD49621690C0900C9C125 /* CommonCryptoDigestsTests.xctest */ = {isa = PBXFileReference; explicitFileType = wrapper.cfbundle; includeInIndex = 0; path = CommonCryptoDigestsTests.xctest; sourceTree = BUILT_PRODUCTS_DIR; };
		57FAD49A21690C0900C9C125 /* CommonCryptoDigestsTests.swift */ = {isa = PBXFileReference; lastKnownFileType = sourcecode.swift; path = CommonCryptoDigestsTests.swift; sourceTree = "<group>"; };
		57FAD49C21690C0900C9C125 /* Info.plist */ = {isa = PBXFileReference; lastKnownFileType = text.plist.xml; path = Info.plist; sourceTree = "<group>"; };
		57FAD4A121690C0900C9C125 /* CommonCryptoDigestsUITests.xctest */ = {isa = PBXFileReference; explicitFileType = wrapper.cfbundle; includeInIndex = 0; path = CommonCryptoDigestsUITests.xctest; sourceTree = BUILT_PRODUCTS_DIR; };
		57FAD4A521690C0900C9C125 /* CommonCryptoDigestsUITests.swift */ = {isa = PBXFileReference; lastKnownFileType = sourcecode.swift; path = CommonCryptoDigestsUITests.swift; sourceTree = "<group>"; };
		57FAD4A721690C0900C9C125 /* Info.plist */ = {isa = PBXFileReference; lastKnownFileType = text.plist.xml; path = Info.plist; sourceTree = "<group>"; };
		57FAD4B421690DB900C9C125 /* CommonCryptoDigests-Bridging-Header.h */ = {isa = PBXFileReference; lastKnownFileType = sourcecode.c.h; path = "CommonCryptoDigests-Bridging-Header.h"; sourceTree = "<group>"; };
		57FAD4B721690E7400C9C125 /* Digests.swift */ = {isa = PBXFileReference; lastKnownFileType = sourcecode.swift; path = Digests.swift; sourceTree = "<group>"; };
		57FAD4B921690F3800C9C125 /* CDDigests.h */ = {isa = PBXFileReference; lastKnownFileType = sourcecode.c.h; path = CDDigests.h; sourceTree = "<group>"; };
		57FAD4BA21690F6000C9C125 /* CDDigests.m */ = {isa = PBXFileReference; lastKnownFileType = sourcecode.c.objc; path = CDDigests.m; sourceTree = "<group>"; };
/* End PBXFileReference section */

/* Begin PBXFrameworksBuildPhase section */
		57FAD47F21690C0700C9C125 /* Frameworks */ = {
			isa = PBXFrameworksBuildPhase;
			buildActionMask = 2147483647;
			files = (
			);
			runOnlyForDeploymentPostprocessing = 0;
		};
		57FAD49321690C0900C9C125 /* Frameworks */ = {
			isa = PBXFrameworksBuildPhase;
			buildActionMask = 2147483647;
			files = (
			);
			runOnlyForDeploymentPostprocessing = 0;
		};
		57FAD49E21690C0900C9C125 /* Frameworks */ = {
			isa = PBXFrameworksBuildPhase;
			buildActionMask = 2147483647;
			files = (
			);
			runOnlyForDeploymentPostprocessing = 0;
		};
/* End PBXFrameworksBuildPhase section */

/* Begin PBXGroup section */
		57FAD47921690C0700C9C125 = {
			isa = PBXGroup;
			children = (
				57FAD48421690C0700C9C125 /* CommonCryptoDigests */,
				57FAD49921690C0900C9C125 /* CommonCryptoDigestsTests */,
				57FAD4A421690C0900C9C125 /* CommonCryptoDigestsUITests */,
				57FAD48321690C0700C9C125 /* Products */,
			);
			sourceTree = "<group>";
		};
		57FAD48321690C0700C9C125 /* Products */ = {
			isa = PBXGroup;
			children = (
				57FAD48221690C0700C9C125 /* CommonCryptoDigests.app */,
				57FAD49621690C0900C9C125 /* CommonCryptoDigestsTests.xctest */,
				57FAD4A121690C0900C9C125 /* CommonCryptoDigestsUITests.xctest */,
			);
			name = Products;
			sourceTree = "<group>";
		};
		57FAD48421690C0700C9C125 /* CommonCryptoDigests */ = {
			isa = PBXGroup;
			children = (
				57FAD48521690C0700C9C125 /* AppDelegate.swift */,
				57FAD48721690C0700C9C125 /* ViewController.swift */,
				57FAD48921690C0700C9C125 /* Main.storyboard */,
				57FAD48C21690C0900C9C125 /* Assets.xcassets */,
				57FAD48E21690C0900C9C125 /* LaunchScreen.storyboard */,
				57FAD49121690C0900C9C125 /* Info.plist */,
				57FAD4B421690DB900C9C125 /* CommonCryptoDigests-Bridging-Header.h */,
				57FAD4B721690E7400C9C125 /* Digests.swift */,
				57FAD4B921690F3800C9C125 /* CDDigests.h */,
				57FAD4BA21690F6000C9C125 /* CDDigests.m */,
			);
			path = CommonCryptoDigests;
			sourceTree = "<group>";
		};
		57FAD49921690C0900C9C125 /* CommonCryptoDigestsTests */ = {
			isa = PBXGroup;
			children = (
				57FAD49A21690C0900C9C125 /* CommonCryptoDigestsTests.swift */,
				57FAD49C21690C0900C9C125 /* Info.plist */,
			);
			path = CommonCryptoDigestsTests;
			sourceTree = "<group>";
		};
		57FAD4A421690C0900C9C125 /* CommonCryptoDigestsUITests */ = {
			isa = PBXGroup;
			children = (
				57FAD4A521690C0900C9C125 /* CommonCryptoDigestsUITests.swift */,
				57FAD4A721690C0900C9C125 /* Info.plist */,
			);
			path = CommonCryptoDigestsUITests;
			sourceTree = "<group>";
		};
/* End PBXGroup section */

/* Begin PBXNativeTarget section */
		57FAD48121690C0700C9C125 /* CommonCryptoDigests */ = {
			isa = PBXNativeTarget;
			buildConfigurationList = 57FAD4AA21690C0900C9C125 /* Build configuration list for PBXNativeTarget "CommonCryptoDigests" */;
			buildPhases = (
				57FAD47E21690C0700C9C125 /* Sources */,
				57FAD47F21690C0700C9C125 /* Frameworks */,
				57FAD48021690C0700C9C125 /* Resources */,
			);
			buildRules = (
			);
			dependencies = (
			);
			name = CommonCryptoDigests;
			productName = CommonCryptoDigests;
			productReference = 57FAD48221690C0700C9C125 /* CommonCryptoDigests.app */;
			productType = "com.apple.product-type.application";
		};
		57FAD49521690C0900C9C125 /* CommonCryptoDigestsTests */ = {
			isa = PBXNativeTarget;
			buildConfigurationList = 57FAD4AD21690C0900C9C125 /* Build configuration list for PBXNativeTarget "CommonCryptoDigestsTests" */;
			buildPhases = (
				57FAD49221690C0900C9C125 /* Sources */,
				57FAD49321690C0900C9C125 /* Frameworks */,
				57FAD49421690C0900C9C125 /* Resources */,
			);
			buildRules = (
			);
			dependencies = (
				57FAD49821690C0900C9C125 /* PBXTargetDependency */,
			);
			name = CommonCryptoDigestsTests;
			productName = CommonCryptoDigestsTests;
			productReference = 57FAD49621690C0900C9C125 /* CommonCryptoDigestsTests.xctest */;
			productType = "com.apple.product-type.bundle.unit-test";
		};
		57FAD4A021690C0900C9C125 /* CommonCryptoDigestsUITests */ = {
			isa = PBXNativeTarget;
			buildConfigurationList = 57FAD4B021690C0900C9C125 /* Build configuration list for PBXNativeTarget "CommonCryptoDigestsUITests" */;
			buildPhases = (
				57FAD49D21690C0900C9C125 /* Sources */,
				57FAD49E21690C0900C9C125 /* Frameworks */,
				57FAD49F21690C0900C9C125 /* Resources */,
			);
			buildRules = (
			);
			dependencies = (
				57FAD4A321690C0900C9C125 /* PBXTargetDependency */,
			);
			name = CommonCryptoDigestsUITests;
			productName = CommonCryptoDigestsUITests;
			productReference = 57FAD4A121690C0900C9C125 /* CommonCryptoDigestsUITests.xctest */;
			productType = "com.apple.product-type.bundle.ui-testing";
		};
/* End PBXNativeTarget section */

/* Begin PBXProject section */
		57FAD47A21690C0700C9C125 /* Project object */ = {
			isa = PBXProject;
			attributes = {
				LastSwiftUpdateCheck = 1000;
				LastUpgradeCheck = 1000;
				ORGANIZATIONNAME = "Abraham Quezada";
				TargetAttributes = {
					57FAD48121690C0700C9C125 = {
						CreatedOnToolsVersion = 10.0;
						LastSwiftMigration = 1000;
					};
					57FAD49521690C0900C9C125 = {
						CreatedOnToolsVersion = 10.0;
						TestTargetID = 57FAD48121690C0700C9C125;
					};
					57FAD4A021690C0900C9C125 = {
						CreatedOnToolsVersion = 10.0;
						TestTargetID = 57FAD48121690C0700C9C125;
					};
				};
			};
			buildConfigurationList = 57FAD47D21690C0700C9C125 /* Build configuration list for PBXProject "CommonCryptoDigests" */;
			compatibilityVersion = "Xcode 9.3";
			developmentRegion = en;
			hasScannedForEncodings = 0;
			knownRegions = (
				en,
				Base,
			);
			mainGroup = 57FAD47921690C0700C9C125;
			productRefGroup = 57FAD48321690C0700C9C125 /* Products */;
			projectDirPath = "";
			projectRoot = "";
			targets = (
				57FAD48121690C0700C9C125 /* CommonCryptoDigests */,
				57FAD49521690C0900C9C125 /* CommonCryptoDigestsTests */,
				57FAD4A021690C0900C9C125 /* CommonCryptoDigestsUITests */,
			);
		};
/* End PBXProject section */

/* Begin PBXResourcesBuildPhase section */
		57FAD48021690C0700C9C125 /* Resources */ = {
			isa = PBXResourcesBuildPhase;
			buildActionMask = 2147483647;
			files = (
				57FAD49021690C0900C9C125 /* LaunchScreen.storyboard in Resources */,
				57FAD48D21690C0900C9C125 /* Assets.xcassets in Resources */,
				57FAD48B21690C0700C9C125 /* Main.storyboard in Resources */,
			);
			runOnlyForDeploymentPostprocessing = 0;
		};
		57FAD49421690C0900C9C125 /* Resources */ = {
			isa = PBXResourcesBuildPhase;
			buildActionMask = 2147483647;
			files = (
			);
			runOnlyForDeploymentPostprocessing = 0;
		};
		57FAD49F21690C0900C9C125 /* Resources */ = {
			isa = PBXResourcesBuildPhase;
			buildActionMask = 2147483647;
			files = (
			);
			runOnlyForDeploymentPostprocessing = 0;
		};
/* End PBXResourcesBuildPhase section */

/* Begin PBXSourcesBuildPhase section */
		57FAD47E21690C0700C9C125 /* Sources */ = {
			isa = PBXSourcesBuildPhase;
			buildActionMask = 2147483647;
			files = (
				57FAD4BB21690F6000C9C125 /* CDDigests.m in Sources */,
				57FAD48821690C0700C9C125 /* ViewController.swift in Sources */,
				57FAD48621690C0700C9C125 /* AppDelegate.swift in Sources */,
				57FAD4B821690E7400C9C125 /* Digests.swift in Sources */,
			);
			runOnlyForDeploymentPostprocessing = 0;
		};
		57FAD49221690C0900C9C125 /* Sources */ = {
			isa = PBXSourcesBuildPhase;
			buildActionMask = 2147483647;
			files = (
				57FAD49B21690C0900C9C125 /* CommonCryptoDigestsTests.swift in Sources */,
			);
			runOnlyForDeploymentPostprocessing = 0;
		};
		57FAD49D21690C0900C9C125 /* Sources */ = {
			isa = PBXSourcesBuildPhase;
			buildActionMask = 2147483647;
			files = (
				57FAD4A621690C0900C9C125 /* CommonCryptoDigestsUITests.swift in Sources */,
			);
			runOnlyForDeploymentPostprocessing = 0;
		};
/* End PBXSourcesBuildPhase section */

/* Begin PBXTargetDependency section */
		57FAD49821690C0900C9C125 /* PBXTargetDependency */ = {
			isa = PBXTargetDependency;
			target = 57FAD48121690C0700C9C125 /* CommonCryptoDigests */;
			targetProxy = 57FAD49721690C0900C9C125 /* PBXContainerItemProxy */;
		};
		57FAD4A321690C0900C9C125 /* PBXTargetDependency */ = {
			isa = PBXTargetDependency;
			target = 57FAD48121690C0700C9C125 /* CommonCryptoDigests */;
			targetProxy = 57FAD4A221690C0900C9C125 /* PBXContainerItemProxy */;
		};
/* End PBXTargetDependency section */

/* Begin PBXVariantGroup section */
		57FAD48921690C0700C9C125 /* Main.storyboard */ = {
			isa = PBXVariantGroup;
			children = (
				57FAD48A21690C0700C9C125 /* Base */,
			);
			name = Main.storyboard;
			sourceTree = "<group>";
		};
		57FAD48E21690C0900C9C125 /* LaunchScreen.storyboard */ = {
			isa = PBXVariantGroup;
			children = (
				57FAD48F21690C0900C9C125 /* Base */,
			);
			name = LaunchScreen.storyboard;
			sourceTree = "<group>";
		};
/* End PBXVariantGroup section */

/* Begin XCBuildConfiguration section */
		57FAD4A821690C0900C9C125 /* Debug */ = {
			isa = XCBuildConfiguration;
			buildSettings = {
				ALWAYS_SEARCH_USER_PATHS = NO;
				CLANG_ANALYZER_NONNULL = YES;
				CLANG_ANALYZER_NUMBER_OBJECT_CONVERSION = YES_AGGRESSIVE;
				CLANG_CXX_LANGUAGE_STANDARD = "gnu++14";
				CLANG_CXX_LIBRARY = "libc++";
				CLANG_ENABLE_MODULES = YES;
				CLANG_ENABLE_OBJC_ARC = YES;
				CLANG_ENABLE_OBJC_WEAK = YES;
				CLANG_WARN_BLOCK_CAPTURE_AUTORELEASING = YES;
				CLANG_WARN_BOOL_CONVERSION = YES;
				CLANG_WARN_COMMA = YES;
				CLANG_WARN_CONSTANT_CONVERSION = YES;
				CLANG_WARN_DEPRECATED_OBJC_IMPLEMENTATIONS = YES;
				CLANG_WARN_DIRECT_OBJC_ISA_USAGE = YES_ERROR;
				CLANG_WARN_DOCUMENTATION_COMMENTS = YES;
				CLANG_WARN_EMPTY_BODY = YES;
				CLANG_WARN_ENUM_CONVERSION = YES;
				CLANG_WARN_INFINITE_RECURSION = YES;
				CLANG_WARN_INT_CONVERSION = YES;
				CLANG_WARN_NON_LITERAL_NULL_CONVERSION = YES;
				CLANG_WARN_OBJC_IMPLICIT_RETAIN_SELF = YES;
				CLANG_WARN_OBJC_LITERAL_CONVERSION = YES;
				CLANG_WARN_OBJC_ROOT_CLASS = YES_ERROR;
				CLANG_WARN_RANGE_LOOP_ANALYSIS = YES;
				CLANG_WARN_STRICT_PROTOTYPES = YES;
				CLANG_WARN_SUSPICIOUS_MOVE = YES;
				CLANG_WARN_UNGUARDED_AVAILABILITY = YES_AGGRESSIVE;
				CLANG_WARN_UNREACHABLE_CODE = YES;
				CLANG_WARN__DUPLICATE_METHOD_MATCH = YES;
				CODE_SIGN_IDENTITY = "iPhone Developer";
				COPY_PHASE_STRIP = NO;
				DEBUG_INFORMATION_FORMAT = dwarf;
				ENABLE_STRICT_OBJC_MSGSEND = YES;
				ENABLE_TESTABILITY = YES;
				GCC_C_LANGUAGE_STANDARD = gnu11;
				GCC_DYNAMIC_NO_PIC = NO;
				GCC_NO_COMMON_BLOCKS = YES;
				GCC_OPTIMIZATION_LEVEL = 0;
				GCC_PREPROCESSOR_DEFINITIONS = (
					"DEBUG=1",
					"$(inherited)",
				);
				GCC_WARN_64_TO_32_BIT_CONVERSION = YES;
				GCC_WARN_ABOUT_RETURN_TYPE = YES_ERROR;
				GCC_WARN_UNDECLARED_SELECTOR = YES;
				GCC_WARN_UNINITIALIZED_AUTOS = YES_AGGRESSIVE;
				GCC_WARN_UNUSED_FUNCTION = YES;
				GCC_WARN_UNUSED_VARIABLE = YES;
				IPHONEOS_DEPLOYMENT_TARGET = 12.0;
				MTL_ENABLE_DEBUG_INFO = INCLUDE_SOURCE;
				MTL_FAST_MATH = YES;
				ONLY_ACTIVE_ARCH = YES;
				SDKROOT = iphoneos;
				SWIFT_ACTIVE_COMPILATION_CONDITIONS = DEBUG;
				SWIFT_OPTIMIZATION_LEVEL = "-Onone";
			};
			name = Debug;
		};
		57FAD4A921690C0900C9C125 /* Release */ = {
			isa = XCBuildConfiguration;
			buildSettings = {
				ALWAYS_SEARCH_USER_PATHS = NO;
				CLANG_ANALYZER_NONNULL = YES;
				CLANG_ANALYZER_NUMBER_OBJECT_CONVERSION = YES_AGGRESSIVE;
				CLANG_CXX_LANGUAGE_STANDARD = "gnu++14";
				CLANG_CXX_LIBRARY = "libc++";
				CLANG_ENABLE_MODULES = YES;
				CLANG_ENABLE_OBJC_ARC = YES;
				CLANG_ENABLE_OBJC_WEAK = YES;
				CLANG_WARN_BLOCK_CAPTURE_AUTORELEASING = YES;
				CLANG_WARN_BOOL_CONVERSION = YES;
				CLANG_WARN_COMMA = YES;
				CLANG_WARN_CONSTANT_CONVERSION = YES;
				CLANG_WARN_DEPRECATED_OBJC_IMPLEMENTATIONS = YES;
				CLANG_WARN_DIRECT_OBJC_ISA_USAGE = YES_ERROR;
				CLANG_WARN_DOCUMENTATION_COMMENTS = YES;
				CLANG_WARN_EMPTY_BODY = YES;
				CLANG_WARN_ENUM_CONVERSION = YES;
				CLANG_WARN_INFINITE_RECURSION = YES;
				CLANG_WARN_INT_CONVERSION = YES;
				CLANG_WARN_NON_LITERAL_NULL_CONVERSION = YES;
				CLANG_WARN_OBJC_IMPLICIT_RETAIN_SELF = YES;
				CLANG_WARN_OBJC_LITERAL_CONVERSION = YES;
				CLANG_WARN_OBJC_ROOT_CLASS = YES_ERROR;
				CLANG_WARN_RANGE_LOOP_ANALYSIS = YES;
				CLANG_WARN_STRICT_PROTOTYPES = YES;
				CLANG_WARN_SUSPICIOUS_MOVE = YES;
				CLANG_WARN_UNGUARDED_AVAILABILITY = YES_AGGRESSIVE;
				CLANG_WARN_UNREACHABLE_CODE = YES;
				CLANG_WARN__DUPLICATE_METHOD_MATCH = YES;
				CODE_SIGN_IDENTITY = "iPhone Developer";
				COPY_PHASE_STRIP = NO;
				DEBUG_INFORMATION_FORMAT = "dwarf-with-dsym";
				ENABLE_NS_ASSERTIONS = NO;
				ENABLE_STRICT_OBJC_MSGSEND = YES;
				GCC_C_LANGUAGE_STANDARD = gnu11;
				GCC_NO_COMMON_BLOCKS = YES;
				GCC_WARN_64_TO_32_BIT_CONVERSION = YES;
				GCC_WARN_ABOUT_RETURN_TYPE = YES_ERROR;
				GCC_WARN_UNDECLARED_SELECTOR = YES;
				GCC_WARN_UNINITIALIZED_AUTOS = YES_AGGRESSIVE;
				GCC_WARN_UNUSED_FUNCTION = YES;
				GCC_WARN_UNUSED_VARIABLE = YES;
				IPHONEOS_DEPLOYMENT_TARGET = 12.0;
				MTL_ENABLE_DEBUG_INFO = NO;
				MTL_FAST_MATH = YES;
				SDKROOT = iphoneos;
				SWIFT_COMPILATION_MODE = wholemodule;
				SWIFT_OPTIMIZATION_LEVEL = "-O";
				VALIDATE_PRODUCT = YES;
			};
			name = Release;
		};
		57FAD4AB21690C0900C9C125 /* Debug */ = {
			isa = XCBuildConfiguration;
			buildSettings = {
				ASSETCATALOG_COMPILER_APPICON_NAME = AppIcon;
				CLANG_ENABLE_MODULES = YES;
				CODE_SIGN_STYLE = Automatic;
				DEVELOPMENT_TEAM = DL2QH55944;
				INFOPLIST_FILE = CommonCryptoDigests/Info.plist;
				LD_RUNPATH_SEARCH_PATHS = (
					"$(inherited)",
					"@executable_path/Frameworks",
				);
				PRODUCT_BUNDLE_IDENTIFIER = "Abe-sCompany.CommonCryptoDigests";
				PRODUCT_NAME = "$(TARGET_NAME)";
				SWIFT_OBJC_BRIDGING_HEADER = "CommonCryptoDigests/CommonCryptoDigests-Bridging-Header.h";
				SWIFT_OPTIMIZATION_LEVEL = "-Onone";
				SWIFT_VERSION = 4.2;
				TARGETED_DEVICE_FAMILY = "1,2";
			};
			name = Debug;
		};
		57FAD4AC21690C0900C9C125 /* Release */ = {
			isa = XCBuildConfiguration;
			buildSettings = {
				ASSETCATALOG_COMPILER_APPICON_NAME = AppIcon;
				CLANG_ENABLE_MODULES = YES;
				CODE_SIGN_STYLE = Automatic;
				DEVELOPMENT_TEAM = DL2QH55944;
				INFOPLIST_FILE = CommonCryptoDigests/Info.plist;
				LD_RUNPATH_SEARCH_PATHS = (
					"$(inherited)",
					"@executable_path/Frameworks",
				);
				PRODUCT_BUNDLE_IDENTIFIER = "Abe-sCompany.CommonCryptoDigests";
				PRODUCT_NAME = "$(TARGET_NAME)";
				SWIFT_OBJC_BRIDGING_HEADER = "CommonCryptoDigests/CommonCryptoDigests-Bridging-Header.h";
				SWIFT_VERSION = 4.2;
				TARGETED_DEVICE_FAMILY = "1,2";
			};
			name = Release;
		};
		57FAD4AE21690C0900C9C125 /* Debug */ = {
			isa = XCBuildConfiguration;
			buildSettings = {
				ALWAYS_EMBED_SWIFT_STANDARD_LIBRARIES = YES;
				BUNDLE_LOADER = "$(TEST_HOST)";
				CODE_SIGN_STYLE = Automatic;
				DEVELOPMENT_TEAM = DL2QH55944;
				INFOPLIST_FILE = CommonCryptoDigestsTests/Info.plist;
				LD_RUNPATH_SEARCH_PATHS = (
					"$(inherited)",
					"@executable_path/Frameworks",
					"@loader_path/Frameworks",
				);
				PRODUCT_BUNDLE_IDENTIFIER = "Abe-sCompany.CommonCryptoDigestsTests";
				PRODUCT_NAME = "$(TARGET_NAME)";
				SWIFT_VERSION = 4.2;
				TARGETED_DEVICE_FAMILY = "1,2";
				TEST_HOST = "$(BUILT_PRODUCTS_DIR)/CommonCryptoDigests.app/CommonCryptoDigests";
			};
			name = Debug;
		};
		57FAD4AF21690C0900C9C125 /* Release */ = {
			isa = XCBuildConfiguration;
			buildSettings = {
				ALWAYS_EMBED_SWIFT_STANDARD_LIBRARIES = YES;
				BUNDLE_LOADER = "$(TEST_HOST)";
				CODE_SIGN_STYLE = Automatic;
				DEVELOPMENT_TEAM = DL2QH55944;
				INFOPLIST_FILE = CommonCryptoDigestsTests/Info.plist;
				LD_RUNPATH_SEARCH_PATHS = (
					"$(inherited)",
					"@executable_path/Frameworks",
					"@loader_path/Frameworks",
				);
				PRODUCT_BUNDLE_IDENTIFIER = "Abe-sCompany.CommonCryptoDigestsTests";
				PRODUCT_NAME = "$(TARGET_NAME)";
				SWIFT_VERSION = 4.2;
				TARGETED_DEVICE_FAMILY = "1,2";
				TEST_HOST = "$(BUILT_PRODUCTS_DIR)/CommonCryptoDigests.app/CommonCryptoDigests";
			};
			name = Release;
		};
		57FAD4B121690C0900C9C125 /* Debug */ = {
			isa = XCBuildConfiguration;
			buildSettings = {
				ALWAYS_EMBED_SWIFT_STANDARD_LIBRARIES = YES;
				CODE_SIGN_STYLE = Automatic;
				DEVELOPMENT_TEAM = DL2QH55944;
				INFOPLIST_FILE = CommonCryptoDigestsUITests/Info.plist;
				LD_RUNPATH_SEARCH_PATHS = (
					"$(inherited)",
					"@executable_path/Frameworks",
					"@loader_path/Frameworks",
				);
				PRODUCT_BUNDLE_IDENTIFIER = "Abe-sCompany.CommonCryptoDigestsUITests";
				PRODUCT_NAME = "$(TARGET_NAME)";
				SWIFT_VERSION = 4.2;
				TARGETED_DEVICE_FAMILY = "1,2";
				TEST_TARGET_NAME = CommonCryptoDigests;
			};
			name = Debug;
		};
		57FAD4B221690C0900C9C125 /* Release */ = {
			isa = XCBuildConfiguration;
			buildSettings = {
				ALWAYS_EMBED_SWIFT_STANDARD_LIBRARIES = YES;
				CODE_SIGN_STYLE = Automatic;
				DEVELOPMENT_TEAM = DL2QH55944;
				INFOPLIST_FILE = CommonCryptoDigestsUITests/Info.plist;
				LD_RUNPATH_SEARCH_PATHS = (
					"$(inherited)",
					"@executable_path/Frameworks",
					"@loader_path/Frameworks",
				);
				PRODUCT_BUNDLE_IDENTIFIER = "Abe-sCompany.CommonCryptoDigestsUITests";
				PRODUCT_NAME = "$(TARGET_NAME)";
				SWIFT_VERSION = 4.2;
				TARGETED_DEVICE_FAMILY = "1,2";
				TEST_TARGET_NAME = CommonCryptoDigests;
			};
			name = Release;
		};
/* End XCBuildConfiguration section */

/* Begin XCConfigurationList section */
		57FAD47D21690C0700C9C125 /* Build configuration list for PBXProject "CommonCryptoDigests" */ = {
			isa = XCConfigurationList;
			buildConfigurations = (
				57FAD4A821690C0900C9C125 /* Debug */,
				57FAD4A921690C0900C9C125 /* Release */,
			);
			defaultConfigurationIsVisible = 0;
			defaultConfigurationName = Release;
		};
		57FAD4AA21690C0900C9C125 /* Build configuration list for PBXNativeTarget "CommonCryptoDigests" */ = {
			isa = XCConfigurationList;
			buildConfigurations = (
				57FAD4AB21690C0900C9C125 /* Debug */,
				57FAD4AC21690C0900C9C125 /* Release */,
			);
			defaultConfigurationIsVisible = 0;
			defaultConfigurationName = Release;
		};
		57FAD4AD21690C0900C9C125 /* Build configuration list for PBXNativeTarget "CommonCryptoDigestsTests" */ = {
			isa = XCConfigurationList;
			buildConfigurations = (
				57FAD4AE21690C0900C9C125 /* Debug */,
				57FAD4AF21690C0900C9C125 /* Release */,
			);
			defaultConfigurationIsVisible = 0;
			defaultConfigurationName = Release;
		};
		57FAD4B021690C0900C9C125 /* Build configuration list for PBXNativeTarget "CommonCryptoDigestsUITests" */ = {
			isa = XCConfigurationList;
			buildConfigurations = (
				57FAD4B121690C0900C9C125 /* Debug */,
				57FAD4B221690C0900C9C125 /* Release */,
			);
			defaultConfigurationIsVisible = 0;
			defaultConfigurationName = Release;
		};
/* End XCConfigurationList section */
	};
	rootObject = 57FAD47A21690C0700C9C125 /* Project object */;
}
