// !$*UTF8*$!
{
	archiveVersion = 1;
	classes = {
	};
	objectVersion = 50;
	objects = {

/* Begin PBXBuildFile section */
		5721CE68217237F900A91B4C /* AppDelegate.swift in Sources */ = {isa = PBXBuildFile; fileRef = 5721CE67217237F900A91B4C /* AppDelegate.swift */; };
		5721CE6A217237F900A91B4C /* ViewController.swift in Sources */ = {isa = PBXBuildFile; fileRef = 5721CE69217237F900A91B4C /* ViewController.swift */; };
		5721CE6D217237F900A91B4C /* Main.storyboard in Resources */ = {isa = PBXBuildFile; fileRef = 5721CE6B217237F900A91B4C /* Main.storyboard */; };
		5721CE6F217237FA00A91B4C /* Assets.xcassets in Resources */ = {isa = PBXBuildFile; fileRef = 5721CE6E217237FA00A91B4C /* Assets.xcassets */; };
		5721CE72217237FA00A91B4C /* LaunchScreen.storyboard in Resources */ = {isa = PBXBuildFile; fileRef = 5721CE70217237FA00A91B4C /* LaunchScreen.storyboard */; };
		5721CE7A2172385500A91B4C /* SimpleView.swift in Sources */ = {isa = PBXBuildFile; fileRef = 5721CE792172385500A91B4C /* SimpleView.swift */; };
		5721CE7C217245B900A91B4C /* SquareView.swift in Sources */ = {isa = PBXBuildFile; fileRef = 5721CE7B217245B900A91B4C /* SquareView.swift */; };
/* End PBXBuildFile section */

/* Begin PBXFileReference section */
		5721CE64217237F900A91B4C /* SingleLines.app */ = {isa = PBXFileReference; explicitFileType = wrapper.application; includeInIndex = 0; path = SingleLines.app; sourceTree = BUILT_PRODUCTS_DIR; };
		5721CE67217237F900A91B4C /* AppDelegate.swift */ = {isa = PBXFileReference; lastKnownFileType = sourcecode.swift; path = AppDelegate.swift; sourceTree = "<group>"; };
		5721CE69217237F900A91B4C /* ViewController.swift */ = {isa = PBXFileReference; lastKnownFileType = sourcecode.swift; path = ViewController.swift; sourceTree = "<group>"; };
		5721CE6C217237F900A91B4C /* Base */ = {isa = PBXFileReference; lastKnownFileType = file.storyboard; name = Base; path = Base.lproj/Main.storyboard; sourceTree = "<group>"; };
		5721CE6E217237FA00A91B4C /* Assets.xcassets */ = {isa = PBXFileReference; lastKnownFileType = folder.assetcatalog; path = Assets.xcassets; sourceTree = "<group>"; };
		5721CE71217237FA00A91B4C /* Base */ = {isa = PBXFileReference; lastKnownFileType = file.storyboard; name = Base; path = Base.lproj/LaunchScreen.storyboard; sourceTree = "<group>"; };
		5721CE73217237FA00A91B4C /* Info.plist */ = {isa = PBXFileReference; lastKnownFileType = text.plist.xml; path = Info.plist; sourceTree = "<group>"; };
		5721CE792172385500A91B4C /* SimpleView.swift */ = {isa = PBXFileReference; lastKnownFileType = sourcecode.swift; path = SimpleView.swift; sourceTree = "<group>"; };
		5721CE7B217245B900A91B4C /* SquareView.swift */ = {isa = PBXFileReference; lastKnownFileType = sourcecode.swift; path = SquareView.swift; sourceTree = "<group>"; };
/* End PBXFileReference section */

/* Begin PBXFrameworksBuildPhase section */
		5721CE61217237F900A91B4C /* Frameworks */ = {
			isa = PBXFrameworksBuildPhase;
			buildActionMask = 2147483647;
			files = (
			);
			runOnlyForDeploymentPostprocessing = 0;
		};
/* End PBXFrameworksBuildPhase section */

/* Begin PBXGroup section */
		5721CE5B217237F900A91B4C = {
			isa = PBXGroup;
			children = (
				5721CE66217237F900A91B4C /* SingleLines */,
				5721CE65217237F900A91B4C /* Products */,
			);
			sourceTree = "<group>";
		};
		5721CE65217237F900A91B4C /* Products */ = {
			isa = PBXGroup;
			children = (
				5721CE64217237F900A91B4C /* SingleLines.app */,
			);
			name = Products;
			sourceTree = "<group>";
		};
		5721CE66217237F900A91B4C /* SingleLines */ = {
			isa = PBXGroup;
			children = (
				5721CE67217237F900A91B4C /* AppDelegate.swift */,
				5721CE69217237F900A91B4C /* ViewController.swift */,
				5721CE6B217237F900A91B4C /* Main.storyboard */,
				5721CE6E217237FA00A91B4C /* Assets.xcassets */,
				5721CE70217237FA00A91B4C /* LaunchScreen.storyboard */,
				5721CE73217237FA00A91B4C /* Info.plist */,
				5721CE792172385500A91B4C /* SimpleView.swift */,
				5721CE7B217245B900A91B4C /* SquareView.swift */,
			);
			path = SingleLines;
			sourceTree = "<group>";
		};
/* End PBXGroup section */

/* Begin PBXNativeTarget section */
		5721CE63217237F900A91B4C /* SingleLines */ = {
			isa = PBXNativeTarget;
			buildConfigurationList = 5721CE76217237FA00A91B4C /* Build configuration list for PBXNativeTarget "SingleLines" */;
			buildPhases = (
				5721CE60217237F900A91B4C /* Sources */,
				5721CE61217237F900A91B4C /* Frameworks */,
				5721CE62217237F900A91B4C /* Resources */,
			);
			buildRules = (
			);
			dependencies = (
			);
			name = SingleLines;
			productName = SingleLines;
			productReference = 5721CE64217237F900A91B4C /* SingleLines.app */;
			productType = "com.apple.product-type.application";
		};
/* End PBXNativeTarget section */

/* Begin PBXProject section */
		5721CE5C217237F900A91B4C /* Project object */ = {
			isa = PBXProject;
			attributes = {
				LastSwiftUpdateCheck = 1000;
				LastUpgradeCheck = 1000;
				ORGANIZATIONNAME = "Abraham Quezada";
				TargetAttributes = {
					5721CE63217237F900A91B4C = {
						CreatedOnToolsVersion = 10.0;
					};
				};
			};
			buildConfigurationList = 5721CE5F217237F900A91B4C /* Build configuration list for PBXProject "SingleLines" */;
			compatibilityVersion = "Xcode 9.3";
			developmentRegion = en;
			hasScannedForEncodings = 0;
			knownRegions = (
				en,
				Base,
			);
			mainGroup = 5721CE5B217237F900A91B4C;
			productRefGroup = 5721CE65217237F900A91B4C /* Products */;
			projectDirPath = "";
			projectRoot = "";
			targets = (
				5721CE63217237F900A91B4C /* SingleLines */,
			);
		};
/* End PBXProject section */

/* Begin PBXResourcesBuildPhase section */
		5721CE62217237F900A91B4C /* Resources */ = {
			isa = PBXResourcesBuildPhase;
			buildActionMask = 2147483647;
			files = (
				5721CE72217237FA00A91B4C /* LaunchScreen.storyboard in Resources */,
				5721CE6F217237FA00A91B4C /* Assets.xcassets in Resources */,
				5721CE6D217237F900A91B4C /* Main.storyboard in Resources */,
			);
			runOnlyForDeploymentPostprocessing = 0;
		};
/* End PBXResourcesBuildPhase section */

/* Begin PBXSourcesBuildPhase section */
		5721CE60217237F900A91B4C /* Sources */ = {
			isa = PBXSourcesBuildPhase;
			buildActionMask = 2147483647;
			files = (
				5721CE6A217237F900A91B4C /* ViewController.swift in Sources */,
				5721CE7A2172385500A91B4C /* SimpleView.swift in Sources */,
				5721CE68217237F900A91B4C /* AppDelegate.swift in Sources */,
				5721CE7C217245B900A91B4C /* SquareView.swift in Sources */,
			);
			runOnlyForDeploymentPostprocessing = 0;
		};
/* End PBXSourcesBuildPhase section */

/* Begin PBXVariantGroup section */
		5721CE6B217237F900A91B4C /* Main.storyboard */ = {
			isa = PBXVariantGroup;
			children = (
				5721CE6C217237F900A91B4C /* Base */,
			);
			name = Main.storyboard;
			sourceTree = "<group>";
		};
		5721CE70217237FA00A91B4C /* LaunchScreen.storyboard */ = {
			isa = PBXVariantGroup;
			children = (
				5721CE71217237FA00A91B4C /* Base */,
			);
			name = LaunchScreen.storyboard;
			sourceTree = "<group>";
		};
/* End PBXVariantGroup section */

/* Begin XCBuildConfiguration section */
		5721CE74217237FA00A91B4C /* Debug */ = {
			isa = XCBuildConfiguration;
			buildSettings = {
				ALWAYS_SEARCH_USER_PATHS = NO;
				CLANG_ANALYZER_NONNULL = YES;
				CLANG_ANALYZER_NUMBER_OBJECT_CONVERSION = YES_AGGRESSIVE;
				CLANG_CXX_LANGUAGE_STANDARD = "gnu++14";
				CLANG_CXX_LIBRARY = "libc++";
				CLANG_ENABLE_MODULES = YES;
				CLANG_ENABLE_OBJC_ARC = YES;
				CLANG_ENABLE_OBJC_WEAK = YES;
				CLANG_WARN_BLOCK_CAPTURE_AUTORELEASING = YES;
				CLANG_WARN_BOOL_CONVERSION = YES;
				CLANG_WARN_COMMA = YES;
				CLANG_WARN_CONSTANT_CONVERSION = YES;
				CLANG_WARN_DEPRECATED_OBJC_IMPLEMENTATIONS = YES;
				CLANG_WARN_DIRECT_OBJC_ISA_USAGE = YES_ERROR;
				CLANG_WARN_DOCUMENTATION_COMMENTS = YES;
				CLANG_WARN_EMPTY_BODY = YES;
				CLANG_WARN_ENUM_CONVERSION = YES;
				CLANG_WARN_INFINITE_RECURSION = YES;
				CLANG_WARN_INT_CONVERSION = YES;
				CLANG_WARN_NON_LITERAL_NULL_CONVERSION = YES;
				CLANG_WARN_OBJC_IMPLICIT_RETAIN_SELF = YES;
				CLANG_WARN_OBJC_LITERAL_CONVERSION = YES;
				CLANG_WARN_OBJC_ROOT_CLASS = YES_ERROR;
				CLANG_WARN_RANGE_LOOP_ANALYSIS = YES;
				CLANG_WARN_STRICT_PROTOTYPES = YES;
				CLANG_WARN_SUSPICIOUS_MOVE = YES;
				CLANG_WARN_UNGUARDED_AVAILABILITY = YES_AGGRESSIVE;
				CLANG_WARN_UNREACHABLE_CODE = YES;
				CLANG_WARN__DUPLICATE_METHOD_MATCH = YES;
				CODE_SIGN_IDENTITY = "iPhone Developer";
				COPY_PHASE_STRIP = NO;
				DEBUG_INFORMATION_FORMAT = dwarf;
				ENABLE_STRICT_OBJC_MSGSEND = YES;
				ENABLE_TESTABILITY = YES;
				GCC_C_LANGUAGE_STANDARD = gnu11;
				GCC_DYNAMIC_NO_PIC = NO;
				GCC_NO_COMMON_BLOCKS = YES;
				GCC_OPTIMIZATION_LEVEL = 0;
				GCC_PREPROCESSOR_DEFINITIONS = (
					"DEBUG=1",
					"$(inherited)",
				);
				GCC_WARN_64_TO_32_BIT_CONVERSION = YES;
				GCC_WARN_ABOUT_RETURN_TYPE = YES_ERROR;
				GCC_WARN_UNDECLARED_SELECTOR = YES;
				GCC_WARN_UNINITIALIZED_AUTOS = YES_AGGRESSIVE;
				GCC_WARN_UNUSED_FUNCTION = YES;
				GCC_WARN_UNUSED_VARIABLE = YES;
				IPHONEOS_DEPLOYMENT_TARGET = 12.0;
				MTL_ENABLE_DEBUG_INFO = INCLUDE_SOURCE;
				MTL_FAST_MATH = YES;
				ONLY_ACTIVE_ARCH = YES;
				SDKROOT = iphoneos;
				SWIFT_ACTIVE_COMPILATION_CONDITIONS = DEBUG;
				SWIFT_OPTIMIZATION_LEVEL = "-Onone";
			};
			name = Debug;
		};
		5721CE75217237FA00A91B4C /* Release */ = {
			isa = XCBuildConfiguration;
			buildSettings = {
				ALWAYS_SEARCH_USER_PATHS = NO;
				CLANG_ANALYZER_NONNULL = YES;
				CLANG_ANALYZER_NUMBER_OBJECT_CONVERSION = YES_AGGRESSIVE;
				CLANG_CXX_LANGUAGE_STANDARD = "gnu++14";
				CLANG_CXX_LIBRARY = "libc++";
				CLANG_ENABLE_MODULES = YES;
				CLANG_ENABLE_OBJC_ARC = YES;
				CLANG_ENABLE_OBJC_WEAK = YES;
				CLANG_WARN_BLOCK_CAPTURE_AUTORELEASING = YES;
				CLANG_WARN_BOOL_CONVERSION = YES;
				CLANG_WARN_COMMA = YES;
				CLANG_WARN_CONSTANT_CONVERSION = YES;
				CLANG_WARN_DEPRECATED_OBJC_IMPLEMENTATIONS = YES;
				CLANG_WARN_DIRECT_OBJC_ISA_USAGE = YES_ERROR;
				CLANG_WARN_DOCUMENTATION_COMMENTS = YES;
				CLANG_WARN_EMPTY_BODY = YES;
				CLANG_WARN_ENUM_CONVERSION = YES;
				CLANG_WARN_INFINITE_RECURSION = YES;
				CLANG_WARN_INT_CONVERSION = YES;
				CLANG_WARN_NON_LITERAL_NULL_CONVERSION = YES;
				CLANG_WARN_OBJC_IMPLICIT_RETAIN_SELF = YES;
				CLANG_WARN_OBJC_LITERAL_CONVERSION = YES;
				CLANG_WARN_OBJC_ROOT_CLASS = YES_ERROR;
				CLANG_WARN_RANGE_LOOP_ANALYSIS = YES;
				CLANG_WARN_STRICT_PROTOTYPES = YES;
				CLANG_WARN_SUSPICIOUS_MOVE = YES;
				CLANG_WARN_UNGUARDED_AVAILABILITY = YES_AGGRESSIVE;
				CLANG_WARN_UNREACHABLE_CODE = YES;
				CLANG_WARN__DUPLICATE_METHOD_MATCH = YES;
				CODE_SIGN_IDENTITY = "iPhone Developer";
				COPY_PHASE_STRIP = NO;
				DEBUG_INFORMATION_FORMAT = "dwarf-with-dsym";
				ENABLE_NS_ASSERTIONS = NO;
				ENABLE_STRICT_OBJC_MSGSEND = YES;
				GCC_C_LANGUAGE_STANDARD = gnu11;
				GCC_NO_COMMON_BLOCKS = YES;
				GCC_WARN_64_TO_32_BIT_CONVERSION = YES;
				GCC_WARN_ABOUT_RETURN_TYPE = YES_ERROR;
				GCC_WARN_UNDECLARED_SELECTOR = YES;
				GCC_WARN_UNINITIALIZED_AUTOS = YES_AGGRESSIVE;
				GCC_WARN_UNUSED_FUNCTION = YES;
				GCC_WARN_UNUSED_VARIABLE = YES;
				IPHONEOS_DEPLOYMENT_TARGET = 12.0;
				MTL_ENABLE_DEBUG_INFO = NO;
				MTL_FAST_MATH = YES;
				SDKROOT = iphoneos;
				SWIFT_COMPILATION_MODE = wholemodule;
				SWIFT_OPTIMIZATION_LEVEL = "-O";
				VALIDATE_PRODUCT = YES;
			};
			name = Release;
		};
		5721CE77217237FA00A91B4C /* Debug */ = {
			isa = XCBuildConfiguration;
			buildSettings = {
				ASSETCATALOG_COMPILER_APPICON_NAME = AppIcon;
				CODE_SIGN_STYLE = Automatic;
				DEVELOPMENT_TEAM = DL2QH55944;
				INFOPLIST_FILE = SingleLines/Info.plist;
				LD_RUNPATH_SEARCH_PATHS = (
					"$(inherited)",
					"@executable_path/Frameworks",
				);
				PRODUCT_BUNDLE_IDENTIFIER = "Abe-sCompany.SingleLines";
				PRODUCT_NAME = "$(TARGET_NAME)";
				SWIFT_VERSION = 4.2;
				TARGETED_DEVICE_FAMILY = "1,2";
			};
			name = Debug;
		};
		5721CE78217237FA00A91B4C /* Release */ = {
			isa = XCBuildConfiguration;
			buildSettings = {
				ASSETCATALOG_COMPILER_APPICON_NAME = AppIcon;
				CODE_SIGN_STYLE = Automatic;
				DEVELOPMENT_TEAM = DL2QH55944;
				INFOPLIST_FILE = SingleLines/Info.plist;
				LD_RUNPATH_SEARCH_PATHS = (
					"$(inherited)",
					"@executable_path/Frameworks",
				);
				PRODUCT_BUNDLE_IDENTIFIER = "Abe-sCompany.SingleLines";
				PRODUCT_NAME = "$(TARGET_NAME)";
				SWIFT_VERSION = 4.2;
				TARGETED_DEVICE_FAMILY = "1,2";
			};
			name = Release;
		};
/* End XCBuildConfiguration section */

/* Begin XCConfigurationList section */
		5721CE5F217237F900A91B4C /* Build configuration list for PBXProject "SingleLines" */ = {
			isa = XCConfigurationList;
			buildConfigurations = (
				5721CE74217237FA00A91B4C /* Debug */,
				5721CE75217237FA00A91B4C /* Release */,
			);
			defaultConfigurationIsVisible = 0;
			defaultConfigurationName = Release;
		};
		5721CE76217237FA00A91B4C /* Build configuration list for PBXNativeTarget "SingleLines" */ = {
			isa = XCConfigurationList;
			buildConfigurations = (
				5721CE77217237FA00A91B4C /* Debug */,
				5721CE78217237FA00A91B4C /* Release */,
			);
			defaultConfigurationIsVisible = 0;
			defaultConfigurationName = Release;
		};
/* End XCConfigurationList section */
	};
	rootObject = 5721CE5C217237F900A91B4C /* Project object */;
}
